
Microsoft Visual Studio Solution File, Format Version 12.00
# Visual Studio Version 17
VisualStudioVersion = 17.2.32630.192
MinimumVisualStudioVersion = 10.0.40219.1
Project("{FAE04EC0-301F-11D3-BF4B-00C04F79EFBC}") = "EFCoreConsoleDemoApp", "EFCoreConsoleDemoApp\EFCoreConsoleDemoApp.csproj", "{524E1E6F-F344-42DD-9C66-D5C62FB33B3A}"
EndProject
Global
	GlobalSection(SolutionConfigurationPlatforms) = preSolution
		Debug|Any CPU = Debug|Any CPU
		Release|Any CPU = Release|Any CPU
	EndGlobalSection
	GlobalSection(ProjectConfigurationPlatforms) = postSolution
		{524E1E6F-F344-42DD-9C66-D5C62FB33B3A}.Debug|Any CPU.ActiveCfg = Debug|Any CPU
		{524E1E6F-F344-42DD-9C66-D5C62FB33B3A}.Debug|Any CPU.Build.0 = Debug|Any CPU
		{524E1E6F-F344-42DD-9C66-D5C62FB33B3A}.Release|Any CPU.ActiveCfg = Release|Any CPU
		{524E1E6F-F344-42DD-9C66-D5C62FB33B3A}.Release|Any CPU.Build.0 = Release|Any CPU
	EndGlobalSection
	GlobalSection(SolutionProperties) = preSolution
		HideSolutionNode = FALSE
	EndGlobalSection
	GlobalSection(ExtensibilityGlobals) = postSolution
		SolutionGuid = {0EEDB439-DFC2-43E7-9A8D-859971A61E30}
	EndGlobalSection
EndGlobal
